// !$*UTF8*$!
{
	archiveVersion = 1;
	classes = {
	};
	objectVersion = 46;
	objects = {

/* Begin PBXBuildFile section */
		C07B41E51C0931EA00B93CEB /* AppDelegate.swift in Sources */ = {isa = PBXBuildFile; fileRef = C07B41E41C0931EA00B93CEB /* AppDelegate.swift */; };
		C07B41E71C0931EA00B93CEB /* ViewController.swift in Sources */ = {isa = PBXBuildFile; fileRef = C07B41E61C0931EA00B93CEB /* ViewController.swift */; };
		C07B41EA1C0931EA00B93CEB /* Main.storyboard in Resources */ = {isa = PBXBuildFile; fileRef = C07B41E81C0931EA00B93CEB /* Main.storyboard */; };
		C07B41EC1C0931EA00B93CEB /* Assets.xcassets in Resources */ = {isa = PBXBuildFile; fileRef = C07B41EB1C0931EA00B93CEB /* Assets.xcassets */; };
		C07B41EF1C0931EA00B93CEB /* LaunchScreen.storyboard in Resources */ = {isa = PBXBuildFile; fileRef = C07B41ED1C0931EA00B93CEB /* LaunchScreen.storyboard */; };
/* End PBXBuildFile section */

/* Begin PBXFileReference section */
		C07B41E11C0931EA00B93CEB /* SwiftyButtonExample.app */ = {isa = PBXFileReference; explicitFileType = wrapper.application; includeInIndex = 0; path = SwiftyButtonExample.app; sourceTree = BUILT_PRODUCTS_DIR; };
		C07B41E41C0931EA00B93CEB /* AppDelegate.swift */ = {isa = PBXFileReference; lastKnownFileType = sourcecode.swift; path = AppDelegate.swift; sourceTree = "<group>"; };
		C07B41E61C0931EA00B93CEB /* ViewController.swift */ = {isa = PBXFileReference; lastKnownFileType = sourcecode.swift; path = ViewController.swift; sourceTree = "<group>"; };
		C07B41E91C0931EA00B93CEB /* Base */ = {isa = PBXFileReference; lastKnownFileType = file.storyboard; name = Base; path = Base.lproj/Main.storyboard; sourceTree = "<group>"; };
		C07B41EB1C0931EA00B93CEB /* Assets.xcassets */ = {isa = PBXFileReference; lastKnownFileType = folder.assetcatalog; path = Assets.xcassets; sourceTree = "<group>"; };
		C07B41EE1C0931EA00B93CEB /* Base */ = {isa = PBXFileReference; lastKnownFileType = file.storyboard; name = Base; path = Base.lproj/LaunchScreen.storyboard; sourceTree = "<group>"; };
		C07B41F01C0931EA00B93CEB /* Info.plist */ = {isa = PBXFileReference; lastKnownFileType = text.plist.xml; path = Info.plist; sourceTree = "<group>"; };
/* End PBXFileReference section */

/* Begin PBXFrameworksBuildPhase section */
		C07B41DE1C0931EA00B93CEB /* Frameworks */ = {
			isa = PBXFrameworksBuildPhase;
			buildActionMask = 2147483647;
			files = (
			);
			runOnlyForDeploymentPostprocessing = 0;
		};
/* End PBXFrameworksBuildPhase section */

/* Begin PBXGroup section */
		C07B41D81C0931EA00B93CEB = {
			isa = PBXGroup;
			children = (
				C07B41E31C0931EA00B93CEB /* SwiftyButtonExample */,
				C07B41E21C0931EA00B93CEB /* Products */,
			);
			sourceTree = "<group>";
		};
		C07B41E21C0931EA00B93CEB /* Products */ = {
			isa = PBXGroup;
			children = (
				C07B41E11C0931EA00B93CEB /* SwiftyButtonExample.app */,
			);
			name = Products;
			sourceTree = "<group>";
		};
		C07B41E31C0931EA00B93CEB /* SwiftyButtonExample */ = {
			isa = PBXGroup;
			children = (
				C07B41E41C0931EA00B93CEB /* AppDelegate.swift */,
				C07B41E61C0931EA00B93CEB /* ViewController.swift */,
				C07B41E81C0931EA00B93CEB /* Main.storyboard */,
				C07B41EB1C0931EA00B93CEB /* Assets.xcassets */,
				C07B41ED1C0931EA00B93CEB /* LaunchScreen.storyboard */,
				C07B41F01C0931EA00B93CEB /* Info.plist */,
			);
			path = SwiftyButtonExample;
			sourceTree = "<group>";
		};
/* End PBXGroup section */

/* Begin PBXNativeTarget section */
		C07B41E01C0931EA00B93CEB /* SwiftyButtonExample */ = {
			isa = PBXNativeTarget;
			buildConfigurationList = C07B41F31C0931EA00B93CEB /* Build configuration list for PBXNativeTarget "SwiftyButtonExample" */;
			buildPhases = (
				C07B41DD1C0931EA00B93CEB /* Sources */,
				C07B41DE1C0931EA00B93CEB /* Frameworks */,
				C07B41DF1C0931EA00B93CEB /* Resources */,
			);
			buildRules = (
			);
			dependencies = (
			);
			name = SwiftyButtonExample;
			productName = SwiftyButtonExample;
			productReference = C07B41E11C0931EA00B93CEB /* SwiftyButtonExample.app */;
			productType = "com.apple.product-type.application";
		};
/* End PBXNativeTarget section */

/* Begin PBXProject section */
		C07B41D91C0931EA00B93CEB /* Project object */ = {
			isa = PBXProject;
			attributes = {
				LastSwiftUpdateCheck = 0710;
				LastUpgradeCheck = 0900;
				ORGANIZATIONNAME = TakeScoop;
				TargetAttributes = {
					C07B41E01C0931EA00B93CEB = {
						CreatedOnToolsVersion = 7.1;
						LastSwiftMigration = 0800;
					};
				};
			};
			buildConfigurationList = C07B41DC1C0931EA00B93CEB /* Build configuration list for PBXProject "SwiftyButtonExample" */;
			compatibilityVersion = "Xcode 3.2";
			developmentRegion = English;
			hasScannedForEncodings = 0;
			knownRegions = (
				en,
				Base,
			);
			mainGroup = C07B41D81C0931EA00B93CEB;
			productRefGroup = C07B41E21C0931EA00B93CEB /* Products */;
			projectDirPath = "";
			projectRoot = "";
			targets = (
				C07B41E01C0931EA00B93CEB /* SwiftyButtonExample */,
			);
		};
/* End PBXProject section */

/* Begin PBXResourcesBuildPhase section */
		C07B41DF1C0931EA00B93CEB /* Resources */ = {
			isa = PBXResourcesBuildPhase;
			buildActionMask = 2147483647;
			files = (
				C07B41EF1C0931EA00B93CEB /* LaunchScreen.storyboard in Resources */,
				C07B41EC1C0931EA00B93CEB /* Assets.xcassets in Resources */,
				C07B41EA1C0931EA00B93CEB /* Main.storyboard in Resources */,
			);
			runOnlyForDeploymentPostprocessing = 0;
		};
/* End PBXResourcesBuildPhase section */

/* Begin PBXSourcesBuildPhase section */
		C07B41DD1C0931EA00B93CEB /* Sources */ = {
			isa = PBXSourcesBuildPhase;
			buildActionMask = 2147483647;
			files = (
				C07B41E71C0931EA00B93CEB /* ViewController.swift in Sources */,
				C07B41E51C0931EA00B93CEB /* AppDelegate.swift in Sources */,
			);
			runOnlyForDeploymentPostprocessing = 0;
		};
/* End PBXSourcesBuildPhase section */

/* Begin PBXVariantGroup section */
		C07B41E81C0931EA00B93CEB /* Main.storyboard */ = {
			isa = PBXVariantGroup;
			children = (
				C07B41E91C0931EA00B93CEB /* Base */,
			);
			name = Main.storyboard;
			sourceTree = "<group>";
		};
		C07B41ED1C0931EA00B93CEB /* LaunchScreen.storyboard */ = {
			isa = PBXVariantGroup;
			children = (
				C07B41EE1C0931EA00B93CEB /* Base */,
			);
			name = LaunchScreen.storyboard;
			sourceTree = "<group>";
		};
/* End PBXVariantGroup section */

/* Begin XCBuildConfiguration section */
		C07B41F11C0931EA00B93CEB /* Debug */ = {
			isa = XCBuildConfiguration;
			buildSettings = {
				ALWAYS_SEARCH_USER_PATHS = NO;
				CLANG_CXX_LANGUAGE_STANDARD = "gnu++0x";
				CLANG_CXX_LIBRARY = "libc++";
				CLANG_ENABLE_MODULES = YES;
				CLANG_ENABLE_OBJC_ARC = YES;
				CLANG_WARN_BLOCK_CAPTURE_AUTORELEASING = YES;
				CLANG_WARN_BOOL_CONVERSION = YES;
				CLANG_WARN_COMMA = YES;
				CLANG_WARN_CONSTANT_CONVERSION = YES;
				CLANG_WARN_DIRECT_OBJC_ISA_USAGE = YES_ERROR;
				CLANG_WARN_EMPTY_BODY = YES;
				CLANG_WARN_ENUM_CONVERSION = YES;
				CLANG_WARN_INFINITE_RECURSION = YES;
				CLANG_WARN_INT_CONVERSION = YES;
				CLANG_WARN_NON_LITERAL_NULL_CONVERSION = YES;
				CLANG_WARN_OBJC_LITERAL_CONVERSION = YES;
				CLANG_WARN_OBJC_ROOT_CLASS = YES_ERROR;
				CLANG_WARN_RANGE_LOOP_ANALYSIS = YES;
				CLANG_WARN_STRICT_PROTOTYPES = YES;
				CLANG_WARN_SUSPICIOUS_MOVE = YES;
				CLANG_WARN_UNREACHABLE_CODE = YES;
				CLANG_WARN__DUPLICATE_METHOD_MATCH = YES;
				"CODE_SIGN_IDENTITY[sdk=iphoneos*]" = "iPhone Developer";
				COPY_PHASE_STRIP = NO;
				DEBUG_INFORMATION_FORMAT = dwarf;
				ENABLE_STRICT_OBJC_MSGSEND = YES;
				ENABLE_TESTABILITY = YES;
				GCC_C_LANGUAGE_STANDARD = gnu99;
				GCC_DYNAMIC_NO_PIC = NO;
				GCC_NO_COMMON_BLOCKS = YES;
				GCC_OPTIMIZATION_LEVEL = 0;
				GCC_PREPROCESSOR_DEFINITIONS = (
					"DEBUG=1",
					"$(inherited)",
				);
				GCC_WARN_64_TO_32_BIT_CONVERSION = YES;
				GCC_WARN_ABOUT_RETURN_TYPE = YES_ERROR;
				GCC_WARN_UNDECLARED_SELECTOR = YES;
				GCC_WARN_UNINITIALIZED_AUTOS = YES_AGGRESSIVE;
				GCC_WARN_UNUSED_FUNCTION = YES;
				GCC_WARN_UNUSED_VARIABLE = YES;
				IPHONEOS_DEPLOYMENT_TARGET = 9.1;
				MTL_ENABLE_DEBUG_INFO = YES;
				ONLY_ACTIVE_ARCH = YES;
				SDKROOT = iphoneos;
				SWIFT_OPTIMIZATION_LEVEL = "-Onone";
				SWIFT_VERSION = 3.0;
			};
			name = Debug;
		};
		C07B41F21C0931EA00B93CEB /* Release */ = {
			isa = XCBuildConfiguration;
			buildSettings = {
				ALWAYS_SEARCH_USER_PATHS = NO;
				CLANG_CXX_LANGUAGE_STANDARD = "gnu++0x";
				CLANG_CXX_LIBRARY = "libc++";
				CLANG_ENABLE_MODULES = YES;
				CLANG_ENABLE_OBJC_ARC = YES;
				CLANG_WARN_BLOCK_CAPTURE_AUTORELEASING = YES;
				CLANG_WARN_BOOL_CONVERSION = YES;
				CLANG_WARN_COMMA = YES;
				CLANG_WARN_CONSTANT_CONVERSION = YES;
				CLANG_WARN_DIRECT_OBJC_ISA_USAGE = YES_ERROR;
				CLANG_WARN_EMPTY_BODY = YES;
				CLANG_WARN_ENUM_CONVERSION = YES;
				CLANG_WARN_INFINITE_RECURSION = YES;
				CLANG_WARN_INT_CONVERSION = YES;
				CLANG_WARN_NON_LITERAL_NULL_CONVERSION = YES;
				CLANG_WARN_OBJC_LITERAL_CONVERSION = YES;
				CLANG_WARN_OBJC_ROOT_CLASS = YES_ERROR;
				CLANG_WARN_RANGE_LOOP_ANALYSIS = YES;
				CLANG_WARN_STRICT_PROTOTYPES = YES;
				CLANG_WARN_SUSPICIOUS_MOVE = YES;
				CLANG_WARN_UNREACHABLE_CODE = YES;
				CLANG_WARN__DUPLICATE_METHOD_MATCH = YES;
				"CODE_SIGN_IDENTITY[sdk=iphoneos*]" = "iPhone Developer";
				COPY_PHASE_STRIP = NO;
				DEBUG_INFORMATION_FORMAT = "dwarf-with-dsym";
				ENABLE_NS_ASSERTIONS = NO;
				ENABLE_STRICT_OBJC_MSGSEND = YES;
				GCC_C_LANGUAGE_STANDARD = gnu99;
				GCC_NO_COMMON_BLOCKS = YES;
				GCC_WARN_64_TO_32_BIT_CONVERSION = YES;
				GCC_WARN_ABOUT_RETURN_TYPE = YES_ERROR;
				GCC_WARN_UNDECLARED_SELECTOR = YES;
				GCC_WARN_UNINITIALIZED_AUTOS = YES_AGGRESSIVE;
				GCC_WARN_UNUSED_FUNCTION = YES;
				GCC_WARN_UNUSED_VARIABLE = YES;
				IPHONEOS_DEPLOYMENT_TARGET = 9.1;
				MTL_ENABLE_DEBUG_INFO = NO;
				SDKROOT = iphoneos;
				SWIFT_VERSION = 3.0;
				VALIDATE_PRODUCT = YES;
			};
			name = Release;
		};
		C07B41F41C0931EA00B93CEB /* Debug */ = {
			isa = XCBuildConfiguration;
			buildSettings = {
				ASSETCATALOG_COMPILER_APPICON_NAME = AppIcon;
				INFOPLIST_FILE = SwiftyButtonExample/Info.plist;
				LD_RUNPATH_SEARCH_PATHS = "$(inherited) @executable_path/Frameworks";
				PRODUCT_BUNDLE_IDENTIFIER = com.takescoop.SwiftyButtonExample;
				PRODUCT_NAME = "$(TARGET_NAME)";
				SWIFT_VERSION = 3.0;
			};
			name = Debug;
		};
		C07B41F51C0931EA00B93CEB /* Release */ = {
			isa = XCBuildConfiguration;
			buildSettings = {
				ASSETCATALOG_COMPILER_APPICON_NAME = AppIcon;
				INFOPLIST_FILE = SwiftyButtonExample/Info.plist;
				LD_RUNPATH_SEARCH_PATHS = "$(inherited) @executable_path/Frameworks";
				PRODUCT_BUNDLE_IDENTIFIER = com.takescoop.SwiftyButtonExample;
				PRODUCT_NAME = "$(TARGET_NAME)";
				SWIFT_OPTIMIZATION_LEVEL = "-Owholemodule";
				SWIFT_VERSION = 3.0;
			};
			name = Release;
		};
/* End XCBuildConfiguration section */

/* Begin XCConfigurationList section */
		C07B41DC1C0931EA00B93CEB /* Build configuration list for PBXProject "SwiftyButtonExample" */ = {
			isa = XCConfigurationList;
			buildConfigurations = (
				C07B41F11C0931EA00B93CEB /* Debug */,
				C07B41F21C0931EA00B93CEB /* Release */,
			);
			defaultConfigurationIsVisible = 0;
			defaultConfigurationName = Release;
		};
		C07B41F31C0931EA00B93CEB /* Build configuration list for PBXNativeTarget "SwiftyButtonExample" */ = {
			isa = XCConfigurationList;
			buildConfigurations = (
				C07B41F41C0931EA00B93CEB /* Debug */,
				C07B41F51C0931EA00B93CEB /* Release */,
			);
			defaultConfigurationIsVisible = 0;
			defaultConfigurationName = Release;
		};
/* End XCConfigurationList section */
	};
	rootObject = C07B41D91C0931EA00B93CEB /* Project object */;
}
